// !$*UTF8*$!
{
	archiveVersion = 1;
	classes = {
	};
	objectVersion = 46;
	objects = {

/* Begin PBXBuildFile section */
		E36EA87E1A9E9D27000E2CE4 /* facebook.png in Resources */ = {isa = PBXBuildFile; fileRef = E36EA87B1A9E9D27000E2CE4 /* facebook.png */; };
		E36EA87F1A9E9D27000E2CE4 /* waze.jpg in Resources */ = {isa = PBXBuildFile; fileRef = E36EA87C1A9E9D27000E2CE4 /* waze.jpg */; };
		E36EA8801A9E9D27000E2CE4 /* whatsapp.jpg in Resources */ = {isa = PBXBuildFile; fileRef = E36EA87D1A9E9D27000E2CE4 /* whatsapp.jpg */; };
		E395DEFF1A9E60F1001FFC90 /* MainViewController.m in Sources */ = {isa = PBXBuildFile; fileRef = E395DEFE1A9E60F1001FFC90 /* MainViewController.m */; };
		E8D758191A9E41E4004CC606 /* main.m in Sources */ = {isa = PBXBuildFile; fileRef = E8D758181A9E41E4004CC606 /* main.m */; };
		E8D7581C1A9E41E4004CC606 /* AppDelegate.m in Sources */ = {isa = PBXBuildFile; fileRef = E8D7581B1A9E41E4004CC606 /* AppDelegate.m */; };
		E8D758221A9E41E4004CC606 /* Main.storyboard in Resources */ = {isa = PBXBuildFile; fileRef = E8D758201A9E41E4004CC606 /* Main.storyboard */; };
		E8D758241A9E41E4004CC606 /* Images.xcassets in Resources */ = {isa = PBXBuildFile; fileRef = E8D758231A9E41E4004CC606 /* Images.xcassets */; };
		E8D758271A9E41E4004CC606 /* LaunchScreen.xib in Resources */ = {isa = PBXBuildFile; fileRef = E8D758251A9E41E4004CC606 /* LaunchScreen.xib */; };
		E8D758331A9E41E4004CC606 /* AppListTests.m in Sources */ = {isa = PBXBuildFile; fileRef = E8D758321A9E41E4004CC606 /* AppListTests.m */; };
		E8D7583E1A9E42BA004CC606 /* TableViewController.m in Sources */ = {isa = PBXBuildFile; fileRef = E8D7583D1A9E42BA004CC606 /* TableViewController.m */; };
		E8D758411A9E42CB004CC606 /* TableViewCell.m in Sources */ = {isa = PBXBuildFile; fileRef = E8D758401A9E42CB004CC606 /* TableViewCell.m */; };
		E8D758441A9E42E1004CC606 /* ViewController.m in Sources */ = {isa = PBXBuildFile; fileRef = E8D758431A9E42E1004CC606 /* ViewController.m */; };
/* End PBXBuildFile section */

/* Begin PBXContainerItemProxy section */
		E8D7582D1A9E41E4004CC606 /* PBXContainerItemProxy */ = {
			isa = PBXContainerItemProxy;
			containerPortal = E8D7580B1A9E41E4004CC606 /* Project object */;
			proxyType = 1;
			remoteGlobalIDString = E8D758121A9E41E4004CC606;
			remoteInfo = AppList;
		};
/* End PBXContainerItemProxy section */

/* Begin PBXFileReference section */
		E36EA87B1A9E9D27000E2CE4 /* facebook.png */ = {isa = PBXFileReference; lastKnownFileType = image.png; name = facebook.png; path = Images.xcassets/facebook.png; sourceTree = "<group>"; };
		E36EA87C1A9E9D27000E2CE4 /* waze.jpg */ = {isa = PBXFileReference; lastKnownFileType = image.jpeg; name = waze.jpg; path = Images.xcassets/waze.jpg; sourceTree = "<group>"; };
		E36EA87D1A9E9D27000E2CE4 /* whatsapp.jpg */ = {isa = PBXFileReference; lastKnownFileType = image.jpeg; name = whatsapp.jpg; path = Images.xcassets/whatsapp.jpg; sourceTree = "<group>"; };
		E395DEFD1A9E60F1001FFC90 /* MainViewController.h */ = {isa = PBXFileReference; fileEncoding = 4; lastKnownFileType = sourcecode.c.h; path = MainViewController.h; sourceTree = "<group>"; };
		E395DEFE1A9E60F1001FFC90 /* MainViewController.m */ = {isa = PBXFileReference; fileEncoding = 4; lastKnownFileType = sourcecode.c.objc; path = MainViewController.m; sourceTree = "<group>"; };
		E8D758131A9E41E4004CC606 /* AppList.app */ = {isa = PBXFileReference; explicitFileType = wrapper.application; includeInIndex = 0; path = AppList.app; sourceTree = BUILT_PRODUCTS_DIR; };
		E8D758171A9E41E4004CC606 /* Info.plist */ = {isa = PBXFileReference; lastKnownFileType = text.plist.xml; path = Info.plist; sourceTree = "<group>"; };
		E8D758181A9E41E4004CC606 /* main.m */ = {isa = PBXFileReference; lastKnownFileType = sourcecode.c.objc; path = main.m; sourceTree = "<group>"; };
		E8D7581A1A9E41E4004CC606 /* AppDelegate.h */ = {isa = PBXFileReference; lastKnownFileType = sourcecode.c.h; path = AppDelegate.h; sourceTree = "<group>"; };
		E8D7581B1A9E41E4004CC606 /* AppDelegate.m */ = {isa = PBXFileReference; lastKnownFileType = sourcecode.c.objc; path = AppDelegate.m; sourceTree = "<group>"; };
		E8D758211A9E41E4004CC606 /* Base */ = {isa = PBXFileReference; lastKnownFileType = file.storyboard; name = Base; path = Base.lproj/Main.storyboard; sourceTree = "<group>"; };
		E8D758231A9E41E4004CC606 /* Images.xcassets */ = {isa = PBXFileReference; lastKnownFileType = folder.assetcatalog; path = Images.xcassets; sourceTree = "<group>"; };
		E8D758261A9E41E4004CC606 /* Base */ = {isa = PBXFileReference; lastKnownFileType = file.xib; name = Base; path = Base.lproj/LaunchScreen.xib; sourceTree = "<group>"; };
		E8D7582C1A9E41E4004CC606 /* AppListTests.xctest */ = {isa = PBXFileReference; explicitFileType = wrapper.cfbundle; includeInIndex = 0; path = AppListTests.xctest; sourceTree = BUILT_PRODUCTS_DIR; };
		E8D758311A9E41E4004CC606 /* Info.plist */ = {isa = PBXFileReference; lastKnownFileType = text.plist.xml; path = Info.plist; sourceTree = "<group>"; };
		E8D758321A9E41E4004CC606 /* AppListTests.m */ = {isa = PBXFileReference; lastKnownFileType = sourcecode.c.objc; path = AppListTests.m; sourceTree = "<group>"; };
		E8D7583C1A9E42BA004CC606 /* TableViewController.h */ = {isa = PBXFileReference; fileEncoding = 4; lastKnownFileType = sourcecode.c.h; path = TableViewController.h; sourceTree = "<group>"; };
		E8D7583D1A9E42BA004CC606 /* TableViewController.m */ = {isa = PBXFileReference; fileEncoding = 4; lastKnownFileType = sourcecode.c.objc; path = TableViewController.m; sourceTree = "<group>"; };
		E8D7583F1A9E42CB004CC606 /* TableViewCell.h */ = {isa = PBXFileReference; fileEncoding = 4; lastKnownFileType = sourcecode.c.h; path = TableViewCell.h; sourceTree = "<group>"; };
		E8D758401A9E42CB004CC606 /* TableViewCell.m */ = {isa = PBXFileReference; fileEncoding = 4; lastKnownFileType = sourcecode.c.objc; path = TableViewCell.m; sourceTree = "<group>"; };
		E8D758421A9E42E1004CC606 /* ViewController.h */ = {isa = PBXFileReference; fileEncoding = 4; lastKnownFileType = sourcecode.c.h; path = ViewController.h; sourceTree = "<group>"; };
		E8D758431A9E42E1004CC606 /* ViewController.m */ = {isa = PBXFileReference; fileEncoding = 4; lastKnownFileType = sourcecode.c.objc; path = ViewController.m; sourceTree = "<group>"; };
/* End PBXFileReference section */

/* Begin PBXFrameworksBuildPhase section */
		E8D758101A9E41E4004CC606 /* Frameworks */ = {
			isa = PBXFrameworksBuildPhase;
			buildActionMask = 2147483647;
			files = (
			);
			runOnlyForDeploymentPostprocessing = 0;
		};
		E8D758291A9E41E4004CC606 /* Frameworks */ = {
			isa = PBXFrameworksBuildPhase;
			buildActionMask = 2147483647;
			files = (
			);
			runOnlyForDeploymentPostprocessing = 0;
		};
/* End PBXFrameworksBuildPhase section */

/* Begin PBXGroup section */
		E8D7580A1A9E41E4004CC606 = {
			isa = PBXGroup;
			children = (
				E8D758421A9E42E1004CC606 /* ViewController.h */,
				E8D758431A9E42E1004CC606 /* ViewController.m */,
				E8D7583F1A9E42CB004CC606 /* TableViewCell.h */,
				E8D758401A9E42CB004CC606 /* TableViewCell.m */,
				E8D7583C1A9E42BA004CC606 /* TableViewController.h */,
				E8D7583D1A9E42BA004CC606 /* TableViewController.m */,
				E8D758151A9E41E4004CC606 /* AppList */,
				E8D7582F1A9E41E4004CC606 /* AppListTests */,
				E8D758141A9E41E4004CC606 /* Products */,
			);
			sourceTree = "<group>";
		};
		E8D758141A9E41E4004CC606 /* Products */ = {
			isa = PBXGroup;
			children = (
				E8D758131A9E41E4004CC606 /* AppList.app */,
				E8D7582C1A9E41E4004CC606 /* AppListTests.xctest */,
			);
			name = Products;
			sourceTree = "<group>";
		};
		E8D758151A9E41E4004CC606 /* AppList */ = {
			isa = PBXGroup;
			children = (
				E8D7581A1A9E41E4004CC606 /* AppDelegate.h */,
				E8D7581B1A9E41E4004CC606 /* AppDelegate.m */,
				E8D758201A9E41E4004CC606 /* Main.storyboard */,
				E8D758231A9E41E4004CC606 /* Images.xcassets */,
				E36EA87B1A9E9D27000E2CE4 /* facebook.png */,
				E36EA87C1A9E9D27000E2CE4 /* waze.jpg */,
				E36EA87D1A9E9D27000E2CE4 /* whatsapp.jpg */,
				E8D758251A9E41E4004CC606 /* LaunchScreen.xib */,
				E8D758161A9E41E4004CC606 /* Supporting Files */,
				E395DEFD1A9E60F1001FFC90 /* MainViewController.h */,
				E395DEFE1A9E60F1001FFC90 /* MainViewController.m */,
			);
			path = AppList;
			sourceTree = "<group>";
		};
		E8D758161A9E41E4004CC606 /* Supporting Files */ = {
			isa = PBXGroup;
			children = (
				E8D758171A9E41E4004CC606 /* Info.plist */,
				E8D758181A9E41E4004CC606 /* main.m */,
			);
			name = "Supporting Files";
			sourceTree = "<group>";
		};
		E8D7582F1A9E41E4004CC606 /* AppListTests */ = {
			isa = PBXGroup;
			children = (
				E8D758321A9E41E4004CC606 /* AppListTests.m */,
				E8D758301A9E41E4004CC606 /* Supporting Files */,
			);
			path = AppListTests;
			sourceTree = "<group>";
		};
		E8D758301A9E41E4004CC606 /* Supporting Files */ = {
			isa = PBXGroup;
			children = (
				E8D758311A9E41E4004CC606 /* Info.plist */,
			);
			name = "Supporting Files";
			sourceTree = "<group>";
		};
/* End PBXGroup section */

/* Begin PBXNativeTarget section */
		E8D758121A9E41E4004CC606 /* AppList */ = {
			isa = PBXNativeTarget;
			buildConfigurationList = E8D758361A9E41E4004CC606 /* Build configuration list for PBXNativeTarget "AppList" */;
			buildPhases = (
				E8D7580F1A9E41E4004CC606 /* Sources */,
				E8D758101A9E41E4004CC606 /* Frameworks */,
				E8D758111A9E41E4004CC606 /* Resources */,
			);
			buildRules = (
			);
			dependencies = (
			);
			name = AppList;
			productName = AppList;
			productReference = E8D758131A9E41E4004CC606 /* AppList.app */;
			productType = "com.apple.product-type.application";
		};
		E8D7582B1A9E41E4004CC606 /* AppListTests */ = {
			isa = PBXNativeTarget;
			buildConfigurationList = E8D758391A9E41E4004CC606 /* Build configuration list for PBXNativeTarget "AppListTests" */;
			buildPhases = (
				E8D758281A9E41E4004CC606 /* Sources */,
				E8D758291A9E41E4004CC606 /* Frameworks */,
				E8D7582A1A9E41E4004CC606 /* Resources */,
			);
			buildRules = (
			);
			dependencies = (
				E8D7582E1A9E41E4004CC606 /* PBXTargetDependency */,
			);
			name = AppListTests;
			productName = AppListTests;
			productReference = E8D7582C1A9E41E4004CC606 /* AppListTests.xctest */;
			productType = "com.apple.product-type.bundle.unit-test";
		};
/* End PBXNativeTarget section */

/* Begin PBXProject section */
		E8D7580B1A9E41E4004CC606 /* Project object */ = {
			isa = PBXProject;
			attributes = {
				LastUpgradeCheck = 0610;
				ORGANIZATIONNAME = "Hugo Luiz Chimello";
				TargetAttributes = {
					E8D758121A9E41E4004CC606 = {
						CreatedOnToolsVersion = 6.1.1;
					};
					E8D7582B1A9E41E4004CC606 = {
						CreatedOnToolsVersion = 6.1.1;
						TestTargetID = E8D758121A9E41E4004CC606;
					};
				};
			};
			buildConfigurationList = E8D7580E1A9E41E4004CC606 /* Build configuration list for PBXProject "AppList" */;
			compatibilityVersion = "Xcode 3.2";
			developmentRegion = English;
			hasScannedForEncodings = 0;
			knownRegions = (
				en,
				Base,
			);
			mainGroup = E8D7580A1A9E41E4004CC606;
			productRefGroup = E8D758141A9E41E4004CC606 /* Products */;
			projectDirPath = "";
			projectRoot = "";
			targets = (
				E8D758121A9E41E4004CC606 /* AppList */,
				E8D7582B1A9E41E4004CC606 /* AppListTests */,
			);
		};
/* End PBXProject section */

/* Begin PBXResourcesBuildPhase section */
		E8D758111A9E41E4004CC606 /* Resources */ = {
			isa = PBXResourcesBuildPhase;
			buildActionMask = 2147483647;
			files = (
				E8D758221A9E41E4004CC606 /* Main.storyboard in Resources */,
				E36EA87F1A9E9D27000E2CE4 /* waze.jpg in Resources */,
				E36EA87E1A9E9D27000E2CE4 /* facebook.png in Resources */,
				E8D758271A9E41E4004CC606 /* LaunchScreen.xib in Resources */,
				E8D758241A9E41E4004CC606 /* Images.xcassets in Resources */,
				E36EA8801A9E9D27000E2CE4 /* whatsapp.jpg in Resources */,
			);
			runOnlyForDeploymentPostprocessing = 0;
		};
		E8D7582A1A9E41E4004CC606 /* Resources */ = {
			isa = PBXResourcesBuildPhase;
			buildActionMask = 2147483647;
			files = (
			);
			runOnlyForDeploymentPostprocessing = 0;
		};
/* End PBXResourcesBuildPhase section */

/* Begin PBXSourcesBuildPhase section */
		E8D7580F1A9E41E4004CC606 /* Sources */ = {
			isa = PBXSourcesBuildPhase;
			buildActionMask = 2147483647;
			files = (
				E8D7581C1A9E41E4004CC606 /* AppDelegate.m in Sources */,
				E395DEFF1A9E60F1001FFC90 /* MainViewController.m in Sources */,
				E8D758411A9E42CB004CC606 /* TableViewCell.m in Sources */,
				E8D7583E1A9E42BA004CC606 /* TableViewController.m in Sources */,
				E8D758191A9E41E4004CC606 /* main.m in Sources */,
				E8D758441A9E42E1004CC606 /* ViewController.m in Sources */,
			);
			runOnlyForDeploymentPostprocessing = 0;
		};
		E8D758281A9E41E4004CC606 /* Sources */ = {
			isa = PBXSourcesBuildPhase;
			buildActionMask = 2147483647;
			files = (
				E8D758331A9E41E4004CC606 /* AppListTests.m in Sources */,
			);
			runOnlyForDeploymentPostprocessing = 0;
		};
/* End PBXSourcesBuildPhase section */

/* Begin PBXTargetDependency section */
		E8D7582E1A9E41E4004CC606 /* PBXTargetDependency */ = {
			isa = PBXTargetDependency;
			target = E8D758121A9E41E4004CC606 /* AppList */;
			targetProxy = E8D7582D1A9E41E4004CC606 /* PBXContainerItemProxy */;
		};
/* End PBXTargetDependency section */

/* Begin PBXVariantGroup section */
		E8D758201A9E41E4004CC606 /* Main.storyboard */ = {
			isa = PBXVariantGroup;
			children = (
				E8D758211A9E41E4004CC606 /* Base */,
			);
			name = Main.storyboard;
			sourceTree = "<group>";
		};
		E8D758251A9E41E4004CC606 /* LaunchScreen.xib */ = {
			isa = PBXVariantGroup;
			children = (
				E8D758261A9E41E4004CC606 /* Base */,
			);
			name = LaunchScreen.xib;
			sourceTree = "<group>";
		};
/* End PBXVariantGroup section */

/* Begin XCBuildConfiguration section */
		E8D758341A9E41E4004CC606 /* Debug */ = {
			isa = XCBuildConfiguration;
			buildSettings = {
				ALWAYS_SEARCH_USER_PATHS = NO;
				CLANG_CXX_LANGUAGE_STANDARD = "gnu++0x";
				CLANG_CXX_LIBRARY = "libc++";
				CLANG_ENABLE_MODULES = YES;
				CLANG_ENABLE_OBJC_ARC = YES;
				CLANG_WARN_BOOL_CONVERSION = YES;
				CLANG_WARN_CONSTANT_CONVERSION = YES;
				CLANG_WARN_DIRECT_OBJC_ISA_USAGE = YES_ERROR;
				CLANG_WARN_EMPTY_BODY = YES;
				CLANG_WARN_ENUM_CONVERSION = YES;
				CLANG_WARN_INT_CONVERSION = YES;
				CLANG_WARN_OBJC_ROOT_CLASS = YES_ERROR;
				CLANG_WARN_UNREACHABLE_CODE = YES;
				CLANG_WARN__DUPLICATE_METHOD_MATCH = YES;
				"CODE_SIGN_IDENTITY[sdk=iphoneos*]" = "iPhone Developer";
				COPY_PHASE_STRIP = NO;
				ENABLE_STRICT_OBJC_MSGSEND = YES;
				GCC_C_LANGUAGE_STANDARD = gnu99;
				GCC_DYNAMIC_NO_PIC = NO;
				GCC_OPTIMIZATION_LEVEL = 0;
				GCC_PREPROCESSOR_DEFINITIONS = (
					"DEBUG=1",
					"$(inherited)",
				);
				GCC_SYMBOLS_PRIVATE_EXTERN = NO;
				GCC_WARN_64_TO_32_BIT_CONVERSION = YES;
				GCC_WARN_ABOUT_RETURN_TYPE = YES_ERROR;
				GCC_WARN_UNDECLARED_SELECTOR = YES;
				GCC_WARN_UNINITIALIZED_AUTOS = YES_AGGRESSIVE;
				GCC_WARN_UNUSED_FUNCTION = YES;
				GCC_WARN_UNUSED_VARIABLE = YES;
				IPHONEOS_DEPLOYMENT_TARGET = 8.1;
				MTL_ENABLE_DEBUG_INFO = YES;
				ONLY_ACTIVE_ARCH = YES;
				SDKROOT = iphoneos;
				TARGETED_DEVICE_FAMILY = "1,2";
			};
			name = Debug;
		};
		E8D758351A9E41E4004CC606 /* Release */ = {
			isa = XCBuildConfiguration;
			buildSettings = {
				ALWAYS_SEARCH_USER_PATHS = NO;
				CLANG_CXX_LANGUAGE_STANDARD = "gnu++0x";
				CLANG_CXX_LIBRARY = "libc++";
				CLANG_ENABLE_MODULES = YES;
				CLANG_ENABLE_OBJC_ARC = YES;
				CLANG_WARN_BOOL_CONVERSION = YES;
				CLANG_WARN_CONSTANT_CONVERSION = YES;
				CLANG_WARN_DIRECT_OBJC_ISA_USAGE = YES_ERROR;
				CLANG_WARN_EMPTY_BODY = YES;
				CLANG_WARN_ENUM_CONVERSION = YES;
				CLANG_WARN_INT_CONVERSION = YES;
				CLANG_WARN_OBJC_ROOT_CLASS = YES_ERROR;
				CLANG_WARN_UNREACHABLE_CODE = YES;
				CLANG_WARN__DUPLICATE_METHOD_MATCH = YES;
				"CODE_SIGN_IDENTITY[sdk=iphoneos*]" = "iPhone Developer";
				COPY_PHASE_STRIP = YES;
				ENABLE_NS_ASSERTIONS = NO;
				ENABLE_STRICT_OBJC_MSGSEND = YES;
				GCC_C_LANGUAGE_STANDARD = gnu99;
				GCC_WARN_64_TO_32_BIT_CONVERSION = YES;
				GCC_WARN_ABOUT_RETURN_TYPE = YES_ERROR;
				GCC_WARN_UNDECLARED_SELECTOR = YES;
				GCC_WARN_UNINITIALIZED_AUTOS = YES_AGGRESSIVE;
				GCC_WARN_UNUSED_FUNCTION = YES;
				GCC_WARN_UNUSED_VARIABLE = YES;
				IPHONEOS_DEPLOYMENT_TARGET = 8.1;
				MTL_ENABLE_DEBUG_INFO = NO;
				SDKROOT = iphoneos;
				TARGETED_DEVICE_FAMILY = "1,2";
				VALIDATE_PRODUCT = YES;
			};
			name = Release;
		};
		E8D758371A9E41E4004CC606 /* Debug */ = {
			isa = XCBuildConfiguration;
			buildSettings = {
				ASSETCATALOG_COMPILER_APPICON_NAME = AppIcon;
				INFOPLIST_FILE = AppList/Info.plist;
				LD_RUNPATH_SEARCH_PATHS = "$(inherited) @executable_path/Frameworks";
				PRODUCT_NAME = "$(TARGET_NAME)";
			};
			name = Debug;
		};
		E8D758381A9E41E4004CC606 /* Release */ = {
			isa = XCBuildConfiguration;
			buildSettings = {
				ASSETCATALOG_COMPILER_APPICON_NAME = AppIcon;
				INFOPLIST_FILE = AppList/Info.plist;
				LD_RUNPATH_SEARCH_PATHS = "$(inherited) @executable_path/Frameworks";
				PRODUCT_NAME = "$(TARGET_NAME)";
			};
			name = Release;
		};
		E8D7583A1A9E41E4004CC606 /* Debug */ = {
			isa = XCBuildConfiguration;
			buildSettings = {
				BUNDLE_LOADER = "$(TEST_HOST)";
				FRAMEWORK_SEARCH_PATHS = (
					"$(SDKROOT)/Developer/Library/Frameworks",
					"$(inherited)",
				);
				GCC_PREPROCESSOR_DEFINITIONS = (
					"DEBUG=1",
					"$(inherited)",
				);
				INFOPLIST_FILE = AppListTests/Info.plist;
				LD_RUNPATH_SEARCH_PATHS = "$(inherited) @executable_path/Frameworks @loader_path/Frameworks";
				PRODUCT_NAME = "$(TARGET_NAME)";
				TEST_HOST = "$(BUILT_PRODUCTS_DIR)/AppList.app/AppList";
			};
			name = Debug;
		};
		E8D7583B1A9E41E4004CC606 /* Release */ = {
			isa = XCBuildConfiguration;
			buildSettings = {
				BUNDLE_LOADER = "$(TEST_HOST)";
				FRAMEWORK_SEARCH_PATHS = (
					"$(SDKROOT)/Developer/Library/Frameworks",
					"$(inherited)",
				);
				INFOPLIST_FILE = AppListTests/Info.plist;
				LD_RUNPATH_SEARCH_PATHS = "$(inherited) @executable_path/Frameworks @loader_path/Frameworks";
				PRODUCT_NAME = "$(TARGET_NAME)";
				TEST_HOST = "$(BUILT_PRODUCTS_DIR)/AppList.app/AppList";
			};
			name = Release;
		};
/* End XCBuildConfiguration section */

/* Begin XCConfigurationList section */
		E8D7580E1A9E41E4004CC606 /* Build configuration list for PBXProject "AppList" */ = {
			isa = XCConfigurationList;
			buildConfigurations = (
				E8D758341A9E41E4004CC606 /* Debug */,
				E8D758351A9E41E4004CC606 /* Release */,
			);
			defaultConfigurationIsVisible = 0;
			defaultConfigurationName = Release;
		};
		E8D758361A9E41E4004CC606 /* Build configuration list for PBXNativeTarget "AppList" */ = {
			isa = XCConfigurationList;
			buildConfigurations = (
				E8D758371A9E41E4004CC606 /* Debug */,
				E8D758381A9E41E4004CC606 /* Release */,
			);
			defaultConfigurationIsVisible = 0;
			defaultConfigurationName = Release;
		};
		E8D758391A9E41E4004CC606 /* Build configuration list for PBXNativeTarget "AppListTests" */ = {
			isa = XCConfigurationList;
			buildConfigurations = (
				E8D7583A1A9E41E4004CC606 /* Debug */,
				E8D7583B1A9E41E4004CC606 /* Release */,
			);
			defaultConfigurationIsVisible = 0;
			defaultConfigurationName = Release;
		};
/* End XCConfigurationList section */
	};
	rootObject = E8D7580B1A9E41E4004CC606 /* Project object */;
}
